
Microsoft Visual Studio Solution File, Format Version 12.00
# Visual Studio Version 17
VisualStudioVersion = 17.13.35931.197
MinimumVisualStudioVersion = 10.0.40219.1
Project("{FAE04EC0-301F-11D3-BF4B-00C04F79EFBC}") = "Site_Aele", "Site_Aele\Site_Aele.csproj", "{B370E16C-B02E-4789-8EBF-EEC520A5EC1A}"
EndProject
Global
	GlobalSection(SolutionConfigurationPlatforms) = preSolution
		Debug|Any CPU = Debug|Any CPU
		Release|Any CPU = Release|Any CPU
	EndGlobalSection
	GlobalSection(ProjectConfigurationPlatforms) = postSolution
		{B370E16C-B02E-4789-8EBF-EEC520A5EC1A}.Debug|Any CPU.ActiveCfg = Debug|Any CPU
		{B370E16C-B02E-4789-8EBF-EEC520A5EC1A}.Debug|Any CPU.Build.0 = Debug|Any CPU
		{B370E16C-B02E-4789-8EBF-EEC520A5EC1A}.Release|Any CPU.ActiveCfg = Release|Any CPU
		{B370E16C-B02E-4789-8EBF-EEC520A5EC1A}.Release|Any CPU.Build.0 = Release|Any CPU
	EndGlobalSection
	GlobalSection(SolutionProperties) = preSolution
		HideSolutionNode = FALSE
	EndGlobalSection
	GlobalSection(ExtensibilityGlobals) = postSolution
		SolutionGuid = {89B6D16B-1FFC-42EA-A93E-E06AB9DEF1B1}
	EndGlobalSection
EndGlobal
